
Microsoft Visual Studio Solution File, Format Version 12.00
# Visual Studio Version 17
VisualStudioVersion = 17.4.33213.308
MinimumVisualStudioVersion = 10.0.40219.1
Project("{FAE04EC0-301F-11D3-BF4B-00C04F79EFBC}") = "Main2", "Main2\Main2.csproj", "{3E7608B5-2D10-4BDD-AD6F-FA89F5C30057}"
EndProject
Global
	GlobalSection(SolutionConfigurationPlatforms) = preSolution
		Debug|Any CPU = Debug|Any CPU
		Release|Any CPU = Release|Any CPU
	EndGlobalSection
	GlobalSection(ProjectConfigurationPlatforms) = postSolution
		{3E7608B5-2D10-4BDD-AD6F-FA89F5C30057}.Debug|Any CPU.ActiveCfg = Debug|Any CPU
		{3E7608B5-2D10-4BDD-AD6F-FA89F5C30057}.Debug|Any CPU.Build.0 = Debug|Any CPU
		{3E7608B5-2D10-4BDD-AD6F-FA89F5C30057}.Release|Any CPU.ActiveCfg = Release|Any CPU
		{3E7608B5-2D10-4BDD-AD6F-FA89F5C30057}.Release|Any CPU.Build.0 = Release|Any CPU
	EndGlobalSection
	GlobalSection(SolutionProperties) = preSolution
		HideSolutionNode = FALSE
	EndGlobalSection
	GlobalSection(ExtensibilityGlobals) = postSolution
		SolutionGuid = {40ADAA40-21BE-4379-A8F0-AA568466FB14}
	EndGlobalSection
EndGlobal
